
Microsoft Visual Studio Solution File, Format Version 12.00
# Visual Studio Version 17
VisualStudioVersion = 17.0.31903.59
MinimumVisualStudioVersion = 10.0.40219.1
Project("{2150E333-8FDC-42A3-9474-1A3956D46DE8}") = "src", "src", "{827E0CD3-B72D-47B6-A68D-7590B98EB39B}"
EndProject
Project("{FAE04EC0-301F-11D3-BF4B-00C04F79EFBC}") = "ContactMirror.Core", "src\ContactMirror.Core\ContactMirror.Core.csproj", "{C456A4A7-39C6-4139-87BC-827D7681C7FF}"
EndProject
Project("{FAE04EC0-301F-11D3-BF4B-00C04F79EFBC}") = "ContactMirror.Application", "src\ContactMirror.Application\ContactMirror.Application.csproj", "{B02DEEB4-B795-4D26-B67E-EC908FDE67A7}"
EndProject
Project("{FAE04EC0-301F-11D3-BF4B-00C04F79EFBC}") = "ContactMirror.Infrastructure", "src\ContactMirror.Infrastructure\ContactMirror.Infrastructure.csproj", "{11BBE703-291E-4233-A160-3584518A5166}"
EndProject
Project("{FAE04EC0-301F-11D3-BF4B-00C04F79EFBC}") = "ContactMirror.Desktop", "src\ContactMirror.Desktop\ContactMirror.Desktop.csproj", "{23944B44-6E22-4F6F-88D2-649D7C3B478D}"
EndProject
Project("{2150E333-8FDC-42A3-9474-1A3956D46DE8}") = "tests", "tests", "{0AB3BF05-4346-4AA6-1389-037BE0695223}"
EndProject
Project("{FAE04EC0-301F-11D3-BF4B-00C04F79EFBC}") = "ContactMirror.Tests", "tests\ContactMirror.Tests\ContactMirror.Tests.csproj", "{B379BB51-FC1C-4CF0-8815-D3AE47D4CB97}"
EndProject
Project("{FAE04EC0-301F-11D3-BF4B-00C04F79EFBC}") = "ContactMirror.GoogleTests", "tests\ContactMirror.GoogleTests\ContactMirror.GoogleTests.csproj", "{748AA9C9-3CAC-4396-B339-588249542F15}"
EndProject
Project("{FAE04EC0-301F-11D3-BF4B-00C04F79EFBC}") = "ContactMirror.UiTests.Authoring", "tests\ContactMirror.UiTests.Authoring\ContactMirror.UiTests.Authoring.csproj", "{8D45FC98-8667-4188-B660-EC0AF94E0E7F}"
EndProject
Project("{FAE04EC0-301F-11D3-BF4B-00C04F79EFBC}") = "ContactMirror.UiTests.Headless", "tests\ContactMirror.UiTests.Headless\ContactMirror.UiTests.Headless.csproj", "{14B33B2E-9D10-419B-82F9-71FCF7301166}"
EndProject
Project("{FAE04EC0-301F-11D3-BF4B-00C04F79EFBC}") = "ContactMirror.AppAutomation.TestHost", "tests\ContactMirror.AppAutomation.TestHost\ContactMirror.AppAutomation.TestHost.csproj", "{DE956B18-3273-403A-BEB4-AC3B272A774D}"
EndProject
Project("{FAE04EC0-301F-11D3-BF4B-00C04F79EFBC}") = "ContactMirror.UiTests.FlaUI", "tests\ContactMirror.UiTests.FlaUI\ContactMirror.UiTests.FlaUI.csproj", "{2AFF0AFD-2B08-4C05-B4C4-3D999BDFE502}"
EndProject
Global
	GlobalSection(SolutionConfigurationPlatforms) = preSolution
		Debug|Any CPU = Debug|Any CPU
		Debug|x64 = Debug|x64
		Debug|x86 = Debug|x86
		Release|Any CPU = Release|Any CPU
		Release|x64 = Release|x64
		Release|x86 = Release|x86
	EndGlobalSection
	GlobalSection(ProjectConfigurationPlatforms) = postSolution
		{C456A4A7-39C6-4139-87BC-827D7681C7FF}.Debug|Any CPU.ActiveCfg = Debug|Any CPU
		{C456A4A7-39C6-4139-87BC-827D7681C7FF}.Debug|Any CPU.Build.0 = Debug|Any CPU
		{C456A4A7-39C6-4139-87BC-827D7681C7FF}.Debug|x64.ActiveCfg = Debug|Any CPU
		{C456A4A7-39C6-4139-87BC-827D7681C7FF}.Debug|x64.Build.0 = Debug|Any CPU
		{C456A4A7-39C6-4139-87BC-827D7681C7FF}.Debug|x86.ActiveCfg = Debug|Any CPU
		{C456A4A7-39C6-4139-87BC-827D7681C7FF}.Debug|x86.Build.0 = Debug|Any CPU
		{C456A4A7-39C6-4139-87BC-827D7681C7FF}.Release|Any CPU.ActiveCfg = Release|Any CPU
		{C456A4A7-39C6-4139-87BC-827D7681C7FF}.Release|Any CPU.Build.0 = Release|Any CPU
		{C456A4A7-39C6-4139-87BC-827D7681C7FF}.Release|x64.ActiveCfg = Release|Any CPU
		{C456A4A7-39C6-4139-87BC-827D7681C7FF}.Release|x64.Build.0 = Release|Any CPU
		{C456A4A7-39C6-4139-87BC-827D7681C7FF}.Release|x86.ActiveCfg = Release|Any CPU
		{C456A4A7-39C6-4139-87BC-827D7681C7FF}.Release|x86.Build.0 = Release|Any CPU
		{B02DEEB4-B795-4D26-B67E-EC908FDE67A7}.Debug|Any CPU.ActiveCfg = Debug|Any CPU
		{B02DEEB4-B795-4D26-B67E-EC908FDE67A7}.Debug|Any CPU.Build.0 = Debug|Any CPU
		{B02DEEB4-B795-4D26-B67E-EC908FDE67A7}.Debug|x64.ActiveCfg = Debug|Any CPU
		{B02DEEB4-B795-4D26-B67E-EC908FDE67A7}.Debug|x64.Build.0 = Debug|Any CPU
		{B02DEEB4-B795-4D26-B67E-EC908FDE67A7}.Debug|x86.ActiveCfg = Debug|Any CPU
		{B02DEEB4-B795-4D26-B67E-EC908FDE67A7}.Debug|x86.Build.0 = Debug|Any CPU
		{B02DEEB4-B795-4D26-B67E-EC908FDE67A7}.Release|Any CPU.ActiveCfg = Release|Any CPU
		{B02DEEB4-B795-4D26-B67E-EC908FDE67A7}.Release|Any CPU.Build.0 = Release|Any CPU
		{B02DEEB4-B795-4D26-B67E-EC908FDE67A7}.Release|x64.ActiveCfg = Release|Any CPU
		{B02DEEB4-B795-4D26-B67E-EC908FDE67A7}.Release|x64.Build.0 = Release|Any CPU
		{B02DEEB4-B795-4D26-B67E-EC908FDE67A7}.Release|x86.ActiveCfg = Release|Any CPU
		{B02DEEB4-B795-4D26-B67E-EC908FDE67A7}.Release|x86.Build.0 = Release|Any CPU
		{11BBE703-291E-4233-A160-3584518A5166}.Debug|Any CPU.ActiveCfg = Debug|Any CPU
		{11BBE703-291E-4233-A160-3584518A5166}.Debug|Any CPU.Build.0 = Debug|Any CPU
		{11BBE703-291E-4233-A160-3584518A5166}.Debug|x64.ActiveCfg = Debug|Any CPU
		{11BBE703-291E-4233-A160-3584518A5166}.Debug|x64.Build.0 = Debug|Any CPU
		{11BBE703-291E-4233-A160-3584518A5166}.Debug|x86.ActiveCfg = Debug|Any CPU
		{11BBE703-291E-4233-A160-3584518A5166}.Debug|x86.Build.0 = Debug|Any CPU
		{11BBE703-291E-4233-A160-3584518A5166}.Release|Any CPU.ActiveCfg = Release|Any CPU
		{11BBE703-291E-4233-A160-3584518A5166}.Release|Any CPU.Build.0 = Release|Any CPU
		{11BBE703-291E-4233-A160-3584518A5166}.Release|x64.ActiveCfg = Release|Any CPU
		{11BBE703-291E-4233-A160-3584518A5166}.Release|x64.Build.0 = Release|Any CPU
		{11BBE703-291E-4233-A160-3584518A5166}.Release|x86.ActiveCfg = Release|Any CPU
		{11BBE703-291E-4233-A160-3584518A5166}.Release|x86.Build.0 = Release|Any CPU
		{23944B44-6E22-4F6F-88D2-649D7C3B478D}.Debug|Any CPU.ActiveCfg = Debug|Any CPU
		{23944B44-6E22-4F6F-88D2-649D7C3B478D}.Debug|Any CPU.Build.0 = Debug|Any CPU
		{23944B44-6E22-4F6F-88D2-649D7C3B478D}.Debug|x64.ActiveCfg = Debug|Any CPU
		{23944B44-6E22-4F6F-88D2-649D7C3B478D}.Debug|x64.Build.0 = Debug|Any CPU
		{23944B44-6E22-4F6F-88D2-649D7C3B478D}.Debug|x86.ActiveCfg = Debug|Any CPU
		{23944B44-6E22-4F6F-88D2-649D7C3B478D}.Debug|x86.Build.0 = Debug|Any CPU
		{23944B44-6E22-4F6F-88D2-649D7C3B478D}.Release|Any CPU.ActiveCfg = Release|Any CPU
		{23944B44-6E22-4F6F-88D2-649D7C3B478D}.Release|Any CPU.Build.0 = Release|Any CPU
		{23944B44-6E22-4F6F-88D2-649D7C3B478D}.Release|x64.ActiveCfg = Release|Any CPU
		{23944B44-6E22-4F6F-88D2-649D7C3B478D}.Release|x64.Build.0 = Release|Any CPU
		{23944B44-6E22-4F6F-88D2-649D7C3B478D}.Release|x86.ActiveCfg = Release|Any CPU
		{23944B44-6E22-4F6F-88D2-649D7C3B478D}.Release|x86.Build.0 = Release|Any CPU
		{B379BB51-FC1C-4CF0-8815-D3AE47D4CB97}.Debug|Any CPU.ActiveCfg = Debug|Any CPU
		{B379BB51-FC1C-4CF0-8815-D3AE47D4CB97}.Debug|Any CPU.Build.0 = Debug|Any CPU
		{B379BB51-FC1C-4CF0-8815-D3AE47D4CB97}.Debug|x64.ActiveCfg = Debug|Any CPU
		{B379BB51-FC1C-4CF0-8815-D3AE47D4CB97}.Debug|x64.Build.0 = Debug|Any CPU
		{B379BB51-FC1C-4CF0-8815-D3AE47D4CB97}.Debug|x86.ActiveCfg = Debug|Any CPU
		{B379BB51-FC1C-4CF0-8815-D3AE47D4CB97}.Debug|x86.Build.0 = Debug|Any CPU
		{B379BB51-FC1C-4CF0-8815-D3AE47D4CB97}.Release|Any CPU.ActiveCfg = Release|Any CPU
		{B379BB51-FC1C-4CF0-8815-D3AE47D4CB97}.Release|Any CPU.Build.0 = Release|Any CPU
		{B379BB51-FC1C-4CF0-8815-D3AE47D4CB97}.Release|x64.ActiveCfg = Release|Any CPU
		{B379BB51-FC1C-4CF0-8815-D3AE47D4CB97}.Release|x64.Build.0 = Release|Any CPU
		{B379BB51-FC1C-4CF0-8815-D3AE47D4CB97}.Release|x86.ActiveCfg = Release|Any CPU
		{B379BB51-FC1C-4CF0-8815-D3AE47D4CB97}.Release|x86.Build.0 = Release|Any CPU
		{748AA9C9-3CAC-4396-B339-588249542F15}.Debug|Any CPU.ActiveCfg = Debug|Any CPU
		{748AA9C9-3CAC-4396-B339-588249542F15}.Debug|Any CPU.Build.0 = Debug|Any CPU
		{748AA9C9-3CAC-4396-B339-588249542F15}.Debug|x64.ActiveCfg = Debug|Any CPU
		{748AA9C9-3CAC-4396-B339-588249542F15}.Debug|x64.Build.0 = Debug|Any CPU
		{748AA9C9-3CAC-4396-B339-588249542F15}.Debug|x86.ActiveCfg = Debug|Any CPU
		{748AA9C9-3CAC-4396-B339-588249542F15}.Debug|x86.Build.0 = Debug|Any CPU
		{748AA9C9-3CAC-4396-B339-588249542F15}.Release|Any CPU.ActiveCfg = Release|Any CPU
		{748AA9C9-3CAC-4396-B339-588249542F15}.Release|Any CPU.Build.0 = Release|Any CPU
		{748AA9C9-3CAC-4396-B339-588249542F15}.Release|x64.ActiveCfg = Release|Any CPU
		{748AA9C9-3CAC-4396-B339-588249542F15}.Release|x64.Build.0 = Release|Any CPU
		{748AA9C9-3CAC-4396-B339-588249542F15}.Release|x86.ActiveCfg = Release|Any CPU
		{748AA9C9-3CAC-4396-B339-588249542F15}.Release|x86.Build.0 = Release|Any CPU
		{8D45FC98-8667-4188-B660-EC0AF94E0E7F}.Debug|Any CPU.ActiveCfg = Debug|Any CPU
		{8D45FC98-8667-4188-B660-EC0AF94E0E7F}.Debug|Any CPU.Build.0 = Debug|Any CPU
		{8D45FC98-8667-4188-B660-EC0AF94E0E7F}.Debug|x64.ActiveCfg = Debug|Any CPU
		{8D45FC98-8667-4188-B660-EC0AF94E0E7F}.Debug|x64.Build.0 = Debug|Any CPU
		{8D45FC98-8667-4188-B660-EC0AF94E0E7F}.Debug|x86.ActiveCfg = Debug|Any CPU
		{8D45FC98-8667-4188-B660-EC0AF94E0E7F}.Debug|x86.Build.0 = Debug|Any CPU
		{8D45FC98-8667-4188-B660-EC0AF94E0E7F}.Release|Any CPU.ActiveCfg = Release|Any CPU
		{8D45FC98-8667-4188-B660-EC0AF94E0E7F}.Release|Any CPU.Build.0 = Release|Any CPU
		{8D45FC98-8667-4188-B660-EC0AF94E0E7F}.Release|x64.ActiveCfg = Release|Any CPU
		{8D45FC98-8667-4188-B660-EC0AF94E0E7F}.Release|x64.Build.0 = Release|Any CPU
		{8D45FC98-8667-4188-B660-EC0AF94E0E7F}.Release|x86.ActiveCfg = Release|Any CPU
		{8D45FC98-8667-4188-B660-EC0AF94E0E7F}.Release|x86.Build.0 = Release|Any CPU
		{14B33B2E-9D10-419B-82F9-71FCF7301166}.Debug|Any CPU.ActiveCfg = Debug|Any CPU
		{14B33B2E-9D10-419B-82F9-71FCF7301166}.Debug|Any CPU.Build.0 = Debug|Any CPU
		{14B33B2E-9D10-419B-82F9-71FCF7301166}.Debug|x64.ActiveCfg = Debug|Any CPU
		{14B33B2E-9D10-419B-82F9-71FCF7301166}.Debug|x64.Build.0 = Debug|Any CPU
		{14B33B2E-9D10-419B-82F9-71FCF7301166}.Debug|x86.ActiveCfg = Debug|Any CPU
		{14B33B2E-9D10-419B-82F9-71FCF7301166}.Debug|x86.Build.0 = Debug|Any CPU
		{14B33B2E-9D10-419B-82F9-71FCF7301166}.Release|Any CPU.ActiveCfg = Release|Any CPU
		{14B33B2E-9D10-419B-82F9-71FCF7301166}.Release|Any CPU.Build.0 = Release|Any CPU
		{14B33B2E-9D10-419B-82F9-71FCF7301166}.Release|x64.ActiveCfg = Release|Any CPU
		{14B33B2E-9D10-419B-82F9-71FCF7301166}.Release|x64.Build.0 = Release|Any CPU
		{14B33B2E-9D10-419B-82F9-71FCF7301166}.Release|x86.ActiveCfg = Release|Any CPU
		{14B33B2E-9D10-419B-82F9-71FCF7301166}.Release|x86.Build.0 = Release|Any CPU
		{DE956B18-3273-403A-BEB4-AC3B272A774D}.Debug|Any CPU.ActiveCfg = Debug|Any CPU
		{DE956B18-3273-403A-BEB4-AC3B272A774D}.Debug|Any CPU.Build.0 = Debug|Any CPU
		{DE956B18-3273-403A-BEB4-AC3B272A774D}.Debug|x64.ActiveCfg = Debug|Any CPU
		{DE956B18-3273-403A-BEB4-AC3B272A774D}.Debug|x64.Build.0 = Debug|Any CPU
		{DE956B18-3273-403A-BEB4-AC3B272A774D}.Debug|x86.ActiveCfg = Debug|Any CPU
		{DE956B18-3273-403A-BEB4-AC3B272A774D}.Debug|x86.Build.0 = Debug|Any CPU
		{DE956B18-3273-403A-BEB4-AC3B272A774D}.Release|Any CPU.ActiveCfg = Release|Any CPU
		{DE956B18-3273-403A-BEB4-AC3B272A774D}.Release|Any CPU.Build.0 = Release|Any CPU
		{DE956B18-3273-403A-BEB4-AC3B272A774D}.Release|x64.ActiveCfg = Release|Any CPU
		{DE956B18-3273-403A-BEB4-AC3B272A774D}.Release|x64.Build.0 = Release|Any CPU
		{DE956B18-3273-403A-BEB4-AC3B272A774D}.Release|x86.ActiveCfg = Release|Any CPU
		{DE956B18-3273-403A-BEB4-AC3B272A774D}.Release|x86.Build.0 = Release|Any CPU
		{2AFF0AFD-2B08-4C05-B4C4-3D999BDFE502}.Debug|Any CPU.ActiveCfg = Debug|Any CPU
		{2AFF0AFD-2B08-4C05-B4C4-3D999BDFE502}.Debug|Any CPU.Build.0 = Debug|Any CPU
		{2AFF0AFD-2B08-4C05-B4C4-3D999BDFE502}.Debug|x64.ActiveCfg = Debug|Any CPU
		{2AFF0AFD-2B08-4C05-B4C4-3D999BDFE502}.Debug|x64.Build.0 = Debug|Any CPU
		{2AFF0AFD-2B08-4C05-B4C4-3D999BDFE502}.Debug|x86.ActiveCfg = Debug|Any CPU
		{2AFF0AFD-2B08-4C05-B4C4-3D999BDFE502}.Debug|x86.Build.0 = Debug|Any CPU
		{2AFF0AFD-2B08-4C05-B4C4-3D999BDFE502}.Release|Any CPU.ActiveCfg = Release|Any CPU
		{2AFF0AFD-2B08-4C05-B4C4-3D999BDFE502}.Release|Any CPU.Build.0 = Release|Any CPU
		{2AFF0AFD-2B08-4C05-B4C4-3D999BDFE502}.Release|x64.ActiveCfg = Release|Any CPU
		{2AFF0AFD-2B08-4C05-B4C4-3D999BDFE502}.Release|x64.Build.0 = Release|Any CPU
		{2AFF0AFD-2B08-4C05-B4C4-3D999BDFE502}.Release|x86.ActiveCfg = Release|Any CPU
		{2AFF0AFD-2B08-4C05-B4C4-3D999BDFE502}.Release|x86.Build.0 = Release|Any CPU
	EndGlobalSection
	GlobalSection(SolutionProperties) = preSolution
		HideSolutionNode = FALSE
	EndGlobalSection
	GlobalSection(NestedProjects) = preSolution
		{C456A4A7-39C6-4139-87BC-827D7681C7FF} = {827E0CD3-B72D-47B6-A68D-7590B98EB39B}
		{B02DEEB4-B795-4D26-B67E-EC908FDE67A7} = {827E0CD3-B72D-47B6-A68D-7590B98EB39B}
		{11BBE703-291E-4233-A160-3584518A5166} = {827E0CD3-B72D-47B6-A68D-7590B98EB39B}
		{23944B44-6E22-4F6F-88D2-649D7C3B478D} = {827E0CD3-B72D-47B6-A68D-7590B98EB39B}
		{B379BB51-FC1C-4CF0-8815-D3AE47D4CB97} = {0AB3BF05-4346-4AA6-1389-037BE0695223}
		{748AA9C9-3CAC-4396-B339-588249542F15} = {0AB3BF05-4346-4AA6-1389-037BE0695223}
		{8D45FC98-8667-4188-B660-EC0AF94E0E7F} = {0AB3BF05-4346-4AA6-1389-037BE0695223}
		{14B33B2E-9D10-419B-82F9-71FCF7301166} = {0AB3BF05-4346-4AA6-1389-037BE0695223}
		{DE956B18-3273-403A-BEB4-AC3B272A774D} = {0AB3BF05-4346-4AA6-1389-037BE0695223}
		{2AFF0AFD-2B08-4C05-B4C4-3D999BDFE502} = {0AB3BF05-4346-4AA6-1389-037BE0695223}
	EndGlobalSection
EndGlobal
